
Microsoft Visual Studio Solution File, Format Version 12.00
# Visual Studio Version 16
VisualStudioVersion = 16.0.31205.134
MinimumVisualStudioVersion = 10.0.40219.1
Project("{FAE04EC0-301F-11D3-BF4B-00C04F79EFBC}") = "ShadowPropertiesDemo", "ShadowPropertiesDemo\ShadowPropertiesDemo.csproj", "{EF856B74-BB6F-432E-8F15-67002E863EFF}"
EndProject
Global
	GlobalSection(SolutionConfigurationPlatforms) = preSolution
		Debug|Any CPU = Debug|Any CPU
		Release|Any CPU = Release|Any CPU
	EndGlobalSection
	GlobalSection(ProjectConfigurationPlatforms) = postSolution
		{EF856B74-BB6F-432E-8F15-67002E863EFF}.Debug|Any CPU.ActiveCfg = Debug|Any CPU
		{EF856B74-BB6F-432E-8F15-67002E863EFF}.Debug|Any CPU.Build.0 = Debug|Any CPU
		{EF856B74-BB6F-432E-8F15-67002E863EFF}.Release|Any CPU.ActiveCfg = Release|Any CPU
		{EF856B74-BB6F-432E-8F15-67002E863EFF}.Release|Any CPU.Build.0 = Release|Any CPU
	EndGlobalSection
	GlobalSection(SolutionProperties) = preSolution
		HideSolutionNode = FALSE
	EndGlobalSection
	GlobalSection(ExtensibilityGlobals) = postSolution
		SolutionGuid = {16814D63-C558-4CEA-AAF2-5E88313A6DD2}
	EndGlobalSection
EndGlobal
